
Microsoft Visual Studio Solution File, Format Version 12.00
# Visual Studio Version 16
VisualStudioVersion = 16.0.32413.511
MinimumVisualStudioVersion = 10.0.40219.1
Project("{FAE04EC0-301F-11D3-BF4B-00C04F79EFBC}") = "Blazor.DataAccess", "Blazor.DataAccess\Blazor.DataAccess.csproj", "{3E3BCDE3-2ED0-4232-9604-A41742EF5B9D}"
EndProject
Project("{FAE04EC0-301F-11D3-BF4B-00C04F79EFBC}") = "Blazor.Common", "Blazor.Common\Blazor.Common.csproj", "{F9A513F1-6092-4AFC-89B1-92CD141A158C}"
EndProject
Project("{FAE04EC0-301F-11D3-BF4B-00C04F79EFBC}") = "Blazor.Models", "Blazor.Models\Blazor.Models.csproj", "{766BB740-FA5C-419C-8EB9-BF3405692212}"
EndProject
Project("{FAE04EC0-301F-11D3-BF4B-00C04F79EFBC}") = "Blazor.Business", "Blazor.Business\Blazor.Business.csproj", "{AB96B54A-1986-4461-8B08-7DEFF5A528D5}"
EndProject
Project("{FAE04EC0-301F-11D3-BF4B-00C04F79EFBC}") = "Blazor.ServerApp", "Blazor.ServerApp\Blazor.ServerApp.csproj", "{8CAFD923-2670-468A-8C6B-2E9E367B103A}"
EndProject
Global
	GlobalSection(SolutionConfigurationPlatforms) = preSolution
		Debug|Any CPU = Debug|Any CPU
		Release|Any CPU = Release|Any CPU
	EndGlobalSection
	GlobalSection(ProjectConfigurationPlatforms) = postSolution
		{3E3BCDE3-2ED0-4232-9604-A41742EF5B9D}.Debug|Any CPU.ActiveCfg = Debug|Any CPU
		{3E3BCDE3-2ED0-4232-9604-A41742EF5B9D}.Debug|Any CPU.Build.0 = Debug|Any CPU
		{3E3BCDE3-2ED0-4232-9604-A41742EF5B9D}.Release|Any CPU.ActiveCfg = Release|Any CPU
		{3E3BCDE3-2ED0-4232-9604-A41742EF5B9D}.Release|Any CPU.Build.0 = Release|Any CPU
		{F9A513F1-6092-4AFC-89B1-92CD141A158C}.Debug|Any CPU.ActiveCfg = Debug|Any CPU
		{F9A513F1-6092-4AFC-89B1-92CD141A158C}.Debug|Any CPU.Build.0 = Debug|Any CPU
		{F9A513F1-6092-4AFC-89B1-92CD141A158C}.Release|Any CPU.ActiveCfg = Release|Any CPU
		{F9A513F1-6092-4AFC-89B1-92CD141A158C}.Release|Any CPU.Build.0 = Release|Any CPU
		{766BB740-FA5C-419C-8EB9-BF3405692212}.Debug|Any CPU.ActiveCfg = Debug|Any CPU
		{766BB740-FA5C-419C-8EB9-BF3405692212}.Debug|Any CPU.Build.0 = Debug|Any CPU
		{766BB740-FA5C-419C-8EB9-BF3405692212}.Release|Any CPU.ActiveCfg = Release|Any CPU
		{766BB740-FA5C-419C-8EB9-BF3405692212}.Release|Any CPU.Build.0 = Release|Any CPU
		{AB96B54A-1986-4461-8B08-7DEFF5A528D5}.Debug|Any CPU.ActiveCfg = Debug|Any CPU
		{AB96B54A-1986-4461-8B08-7DEFF5A528D5}.Debug|Any CPU.Build.0 = Debug|Any CPU
		{AB96B54A-1986-4461-8B08-7DEFF5A528D5}.Release|Any CPU.ActiveCfg = Release|Any CPU
		{AB96B54A-1986-4461-8B08-7DEFF5A528D5}.Release|Any CPU.Build.0 = Release|Any CPU
		{8CAFD923-2670-468A-8C6B-2E9E367B103A}.Debug|Any CPU.ActiveCfg = Debug|Any CPU
		{8CAFD923-2670-468A-8C6B-2E9E367B103A}.Debug|Any CPU.Build.0 = Debug|Any CPU
		{8CAFD923-2670-468A-8C6B-2E9E367B103A}.Release|Any CPU.ActiveCfg = Release|Any CPU
		{8CAFD923-2670-468A-8C6B-2E9E367B103A}.Release|Any CPU.Build.0 = Release|Any CPU
	EndGlobalSection
	GlobalSection(SolutionProperties) = preSolution
		HideSolutionNode = FALSE
	EndGlobalSection
	GlobalSection(ExtensibilityGlobals) = postSolution
		SolutionGuid = {3E2586C1-8525-412C-A042-1C4879C8968C}
	EndGlobalSection
EndGlobal
